
Microsoft Visual Studio Solution File, Format Version 12.00
# Visual Studio 14
VisualStudioVersion = 14.0.23107.0
MinimumVisualStudioVersion = 10.0.40219.1
Global
	GlobalSection(SolutionProperties) = preSolution
		HideSolutionNode = FALSE
	EndGlobalSection
	GlobalSection(MonoDevelopProperties) = preSolution
		BaseDirectory = ..\..\..\mnt\win8\Users\kh\Documents\edu\vcu\2015 Fall\CMSC 451\
		StartupItem = Swummary.CLI\Swummary.CLI.csproj
	EndGlobalSection
EndGlobal
