
Microsoft Visual Studio Solution File, Format Version 11.00
# Visual Studio 2010
Project("{FAE04EC0-301F-11D3-BF4B-00C04F79EFBC}") = "Swummary.CLI", "Swummary.CLI\Swummary.CLI.csproj", "{FC9CE512-D555-4D4A-A750-FADF7B3EEF70}"
EndProject
Project("{FAE04EC0-301F-11D3-BF4B-00C04F79EFBC}") = "Swummary.CLI.Tests", "Swummary.CLI.Tests\Swummary.CLI.Tests.csproj", "{94E9DD07-9DE8-4FF3-9FD0-539AFA6D3FE6}"
EndProject
Global
	GlobalSection(SolutionConfigurationPlatforms) = preSolution
		Debug|x86 = Debug|x86
		Release|x86 = Release|x86
	EndGlobalSection
	GlobalSection(ProjectConfigurationPlatforms) = postSolution
		{94E9DD07-9DE8-4FF3-9FD0-539AFA6D3FE6}.Debug|x86.ActiveCfg = Debug|Any CPU
		{94E9DD07-9DE8-4FF3-9FD0-539AFA6D3FE6}.Debug|x86.Build.0 = Debug|Any CPU
		{94E9DD07-9DE8-4FF3-9FD0-539AFA6D3FE6}.Release|x86.ActiveCfg = Release|Any CPU
		{94E9DD07-9DE8-4FF3-9FD0-539AFA6D3FE6}.Release|x86.Build.0 = Release|Any CPU
		{FC9CE512-D555-4D4A-A750-FADF7B3EEF70}.Debug|x86.ActiveCfg = Debug|x86
		{FC9CE512-D555-4D4A-A750-FADF7B3EEF70}.Debug|x86.Build.0 = Debug|x86
		{FC9CE512-D555-4D4A-A750-FADF7B3EEF70}.Release|x86.ActiveCfg = Release|x86
		{FC9CE512-D555-4D4A-A750-FADF7B3EEF70}.Release|x86.Build.0 = Release|x86
	EndGlobalSection
	GlobalSection(MonoDevelopProperties) = preSolution
		BaseDirectory = ..\..\..\mnt\win8\Users\kh\Documents\edu\vcu\2015 Fall\CMSC 451\
		StartupItem = Swummary.CLI\Swummary.CLI.csproj
	EndGlobalSection
EndGlobal
