
Microsoft Visual Studio Solution File, Format Version 11.00
# Visual Studio 2010
Project("{FAE04EC0-301F-11D3-BF4B-00C04F79EFBC}") = "cli", "cli.csproj", "{63D9EADA-3720-4F0B-9D57-6ECD985D0143}"
EndProject
Global
	GlobalSection(SolutionConfigurationPlatforms) = preSolution
		Debug|x86 = Debug|x86
		Release|x86 = Release|x86
	EndGlobalSection
	GlobalSection(ProjectConfigurationPlatforms) = postSolution
		{63D9EADA-3720-4F0B-9D57-6ECD985D0143}.Debug|x86.ActiveCfg = Debug|x86
		{63D9EADA-3720-4F0B-9D57-6ECD985D0143}.Debug|x86.Build.0 = Debug|x86
		{63D9EADA-3720-4F0B-9D57-6ECD985D0143}.Release|x86.ActiveCfg = Release|x86
		{63D9EADA-3720-4F0B-9D57-6ECD985D0143}.Release|x86.Build.0 = Release|x86
	EndGlobalSection
	GlobalSection(MonoDevelopProperties) = preSolution
		StartupItem = cli.csproj
	EndGlobalSection
EndGlobal
